
Microsoft Visual Studio Solution File, Format Version 12.00
# Visual Studio Version 16
VisualStudioVersion = 16.0.31729.503
MinimumVisualStudioVersion = 10.0.40219.1
Project("{FAE04EC0-301F-11D3-BF4B-00C04F79EFBC}") = "Configurable Reports", "Configurable Reports\Configurable Reports.csproj", "{AB85DBF2-D9A6-4F76-B063-AF621834537A}"
EndProject
Global
	GlobalSection(SolutionConfigurationPlatforms) = preSolution
		Debug|Any CPU = Debug|Any CPU
		Release|Any CPU = Release|Any CPU
	EndGlobalSection
	GlobalSection(ProjectConfigurationPlatforms) = postSolution
		{AB85DBF2-D9A6-4F76-B063-AF621834537A}.Debug|Any CPU.ActiveCfg = Debug|Any CPU
		{AB85DBF2-D9A6-4F76-B063-AF621834537A}.Debug|Any CPU.Build.0 = Debug|Any CPU
		{AB85DBF2-D9A6-4F76-B063-AF621834537A}.Release|Any CPU.ActiveCfg = Release|Any CPU
		{AB85DBF2-D9A6-4F76-B063-AF621834537A}.Release|Any CPU.Build.0 = Release|Any CPU
	EndGlobalSection
	GlobalSection(SolutionProperties) = preSolution
		HideSolutionNode = FALSE
	EndGlobalSection
	GlobalSection(ExtensibilityGlobals) = postSolution
		SolutionGuid = {58F3610F-2472-4E08-A416-031699630489}
	EndGlobalSection
EndGlobal
